{
  "name": "Redelisten.App",
  "lockfileVersion": 3,
  "requires": true,
  "packages": {
    "": {
      "devDependencies": {
        "run-script-os": "^1.1.6",
        "ry": "^0.1.0"
      }
    },
    "node_modules/run-script-os": {
      "version": "1.1.6",
      "resolved": "https://registry.npmjs.org/run-script-os/-/run-script-os-1.1.6.tgz",
      "integrity": "sha512-ql6P2LzhBTTDfzKts+Qo4H94VUKpxKDFz6QxxwaUZN0mwvi7L3lpOI7BqPCq7lgDh3XLl0dpeXwfcVIitlrYrw==",
      "dev": true,
      "bin": {
        "run-os": "index.js",
        "run-script-os": "index.js"
      }
    },
    "node_modules/ry": {
      "version": "0.1.0",
      "resolved": "https://registry.npmjs.org/ry/-/ry-0.1.0.tgz",
      "integrity": "sha512-hN4pK7Ig0AOeoaOCoFcVv9CFRCW/X8o79clGxXPvjCtAmfo8mzXw0nXXsCHMb0nA/PzT77hcuMR5gFI04qEbrw==",
      "dev": true
    }
  }
}
