
Microsoft Visual Studio Solution File, Format Version 12.00
# Visual Studio Version 17
VisualStudioVersion = 17.5.002.0
MinimumVisualStudioVersion = 10.0.40219.1
Project("{9A19103F-16F7-4668-BE54-9A1E7A4F7556}") = "Redelisten.App", "Redelisten.App.csproj", "{4C1A286F-DB1B-49A7-A7DA-60825ACACAA8}"
EndProject
Global
	GlobalSection(SolutionConfigurationPlatforms) = preSolution
		Debug|Any CPU = Debug|Any CPU
		Release|Any CPU = Release|Any CPU
	EndGlobalSection
	GlobalSection(ProjectConfigurationPlatforms) = postSolution
		{4C1A286F-DB1B-49A7-A7DA-60825ACACAA8}.Debug|Any CPU.ActiveCfg = Debug|Any CPU
		{4C1A286F-DB1B-49A7-A7DA-60825ACACAA8}.Debug|Any CPU.Build.0 = Debug|Any CPU
		{4C1A286F-DB1B-49A7-A7DA-60825ACACAA8}.Release|Any CPU.ActiveCfg = Release|Any CPU
		{4C1A286F-DB1B-49A7-A7DA-60825ACACAA8}.Release|Any CPU.Build.0 = Release|Any CPU
	EndGlobalSection
	GlobalSection(SolutionProperties) = preSolution
		HideSolutionNode = FALSE
	EndGlobalSection
	GlobalSection(ExtensibilityGlobals) = postSolution
		SolutionGuid = {3A608EFB-791F-45A7-A3D9-9AB7F962E0A5}
	EndGlobalSection
EndGlobal
